dependencies:
- name: postgresql
  repository: oci://registry-1.docker.io/bitnamicharts
  version: 13.4.6
- name: redis
  repository: oci://registry-1.docker.io/bitnamicharts
  version: 18.19.4
- name: spar-g2pconnect-id-mapper
  repository: ""
  version: 0.1.0
- name: sunbird-rc-g2p-mapper-registry
  repository: ""
  version: 0.1.0
digest: sha256:76cd584871b16c7c75f07b2f1993eae235e8c28d3e4312d89e95d614e9542147
generated: "2024-05-24T20:57:59.35460007+05:30"
