dependencies:
- name: common
  repository: oci://registry-1.docker.io/bitnamicharts
  version: 2.19.3
- name: postgresql
  repository: oci://registry-1.docker.io/bitnamicharts
  version: 13.4.6
digest: sha256:09a95dcc632da153f5de4dc4f82b64933403dfd7f31cd96cf1efea41f09160e8
generated: "2024-05-24T21:23:59.056276841+05:30"
