dependencies:
- name: postgresql
  repository: oci://registry-1.docker.io/bitnamicharts
  version: 15.4.0
- name: redis
  repository: oci://registry-1.docker.io/bitnamicharts
  version: 18.19.4
digest: sha256:d9d0ad014767f8701422a57ad8a7a44447003160cfd9298b7a48c8171e4d13cc
generated: "2024-05-26T01:03:12.647979562+05:30"
