dependencies:
- name: odoo
  repository: oci://registry-1.docker.io/bitnamicharts
  version: 21.6.5
- name: minio
  repository: oci://registry-1.docker.io/bitnamicharts
  version: 12.12.2
- name: odk-central
  repository: ""
  version: v2024.1.0
- name: mail
  repository: ""
  version: 1.2.0
digest: sha256:0b6785a20af8ab7a1f953f5e13c599923fc098bb1abb90c6b1c5db2e0f90ca1e
generated: "2024-05-27T21:46:25.62445477+05:30"
