dependencies:
- name: mail
  repository: ""
  version: 1.2.0
- name: odk-central-pyxform
  repository: ""
  version: 1.2.0
- name: odk-central-enketo
  repository: ""
  version: 1.2.0
- name: odk-central-backend
  repository: ""
  version: 1.2.0
- name: odk-central-frontend
  repository: ""
  version: 1.2.0
digest: sha256:3e1138d418e7b264a2e4a77d8ad17027afc86da1993bf966ab121aeda8964d16
generated: "2024-05-24T20:53:24.492787689+05:30"
